
Microsoft Visual Studio Solution File, Format Version 12.00
# Visual Studio Version 17
VisualStudioVersion = 17.3.32825.248
MinimumVisualStudioVersion = 10.0.40219.1
Project("{FAE04EC0-301F-11D3-BF4B-00C04F79EFBC}") = "Hotel_Management_System", "Hotel_Management_System.csproj", "{BB55B9DB-5E7C-4040-A67E-9501057F8537}"
EndProject
Global
	GlobalSection(SolutionConfigurationPlatforms) = preSolution
		Debug|Any CPU = Debug|Any CPU
		Release|Any CPU = Release|Any CPU
	EndGlobalSection
	GlobalSection(ProjectConfigurationPlatforms) = postSolution
		{BB55B9DB-5E7C-4040-A67E-9501057F8537}.Debug|Any CPU.ActiveCfg = Debug|Any CPU
		{BB55B9DB-5E7C-4040-A67E-9501057F8537}.Debug|Any CPU.Build.0 = Debug|Any CPU
		{BB55B9DB-5E7C-4040-A67E-9501057F8537}.Release|Any CPU.ActiveCfg = Release|Any CPU
		{BB55B9DB-5E7C-4040-A67E-9501057F8537}.Release|Any CPU.Build.0 = Release|Any CPU
	EndGlobalSection
	GlobalSection(SolutionProperties) = preSolution
		HideSolutionNode = FALSE
	EndGlobalSection
	GlobalSection(ExtensibilityGlobals) = postSolution
		SolutionGuid = {6ECB00B7-35DB-44B5-9F7C-5670A5CB4948}
	EndGlobalSection
EndGlobal
